
Microsoft Visual Studio Solution File, Format Version 12.00
# Visual Studio Version 16
VisualStudioVersion = 16.0.32413.511
MinimumVisualStudioVersion = 10.0.40219.1
Project("{FAE04EC0-301F-11D3-BF4B-00C04F79EFBC}") = "JCW_CS_WINDOWSFORM", "JCW_CS_WINDOWSFORM.csproj", "{BF96B6F7-A93B-406A-A4D6-B16AAAD197C0}"
EndProject
Project("{FAE04EC0-301F-11D3-BF4B-00C04F79EFBC}") = "JCW_CS_THEQUEST", "..\JCW_CS_THEQUEST\JCW_CS_THEQUEST.csproj", "{79CC45C7-D2CC-401F-9DF0-42C5FF1A7622}"
EndProject
Global
	GlobalSection(SolutionConfigurationPlatforms) = preSolution
		Debug|Any CPU = Debug|Any CPU
		Release|Any CPU = Release|Any CPU
	EndGlobalSection
	GlobalSection(ProjectConfigurationPlatforms) = postSolution
		{BF96B6F7-A93B-406A-A4D6-B16AAAD197C0}.Debug|Any CPU.ActiveCfg = Debug|Any CPU
		{BF96B6F7-A93B-406A-A4D6-B16AAAD197C0}.Debug|Any CPU.Build.0 = Debug|Any CPU
		{BF96B6F7-A93B-406A-A4D6-B16AAAD197C0}.Release|Any CPU.ActiveCfg = Release|Any CPU
		{BF96B6F7-A93B-406A-A4D6-B16AAAD197C0}.Release|Any CPU.Build.0 = Release|Any CPU
		{79CC45C7-D2CC-401F-9DF0-42C5FF1A7622}.Debug|Any CPU.ActiveCfg = Debug|Any CPU
		{79CC45C7-D2CC-401F-9DF0-42C5FF1A7622}.Debug|Any CPU.Build.0 = Debug|Any CPU
		{79CC45C7-D2CC-401F-9DF0-42C5FF1A7622}.Release|Any CPU.ActiveCfg = Release|Any CPU
		{79CC45C7-D2CC-401F-9DF0-42C5FF1A7622}.Release|Any CPU.Build.0 = Release|Any CPU
	EndGlobalSection
	GlobalSection(SolutionProperties) = preSolution
		HideSolutionNode = FALSE
	EndGlobalSection
	GlobalSection(ExtensibilityGlobals) = postSolution
		SolutionGuid = {E83B9590-8933-4328-84CC-937DAA9B7C23}
	EndGlobalSection
EndGlobal
